// !$*UTF8*$!
{
	archiveVersion = 1;
	classes = {
	};
	objectVersion = 46;
	objects = {

/* Begin PBXBuildFile section */
		113274B81F4C09980003E029 /* AppDelegate.swift in Sources */ = {isa = PBXBuildFile; fileRef = 113274B71F4C09980003E029 /* AppDelegate.swift */; };
		113274BA1F4C09980003E029 /* ViewController.swift in Sources */ = {isa = PBXBuildFile; fileRef = 113274B91F4C09980003E029 /* ViewController.swift */; };
		113274BD1F4C09980003E029 /* Main.storyboard in Resources */ = {isa = PBXBuildFile; fileRef = 113274BB1F4C09980003E029 /* Main.storyboard */; };
		113274BF1F4C09980003E029 /* Assets.xcassets in Resources */ = {isa = PBXBuildFile; fileRef = 113274BE1F4C09980003E029 /* Assets.xcassets */; };
		113274C21F4C09980003E029 /* LaunchScreen.storyboard in Resources */ = {isa = PBXBuildFile; fileRef = 113274C01F4C09980003E029 /* LaunchScreen.storyboard */; };
		113274CD1F4C09980003E029 /* WesterosTests.swift in Sources */ = {isa = PBXBuildFile; fileRef = 113274CC1F4C09980003E029 /* WesterosTests.swift */; };
/* End PBXBuildFile section */

/* Begin PBXContainerItemProxy section */
		113274C91F4C09980003E029 /* PBXContainerItemProxy */ = {
			isa = PBXContainerItemProxy;
			containerPortal = 113274AC1F4C09980003E029 /* Project object */;
			proxyType = 1;
			remoteGlobalIDString = 113274B31F4C09980003E029;
			remoteInfo = Westeros;
		};
/* End PBXContainerItemProxy section */

/* Begin PBXFileReference section */
		113274B41F4C09980003E029 /* Westeros.app */ = {isa = PBXFileReference; explicitFileType = wrapper.application; includeInIndex = 0; path = Westeros.app; sourceTree = BUILT_PRODUCTS_DIR; };
		113274B71F4C09980003E029 /* AppDelegate.swift */ = {isa = PBXFileReference; lastKnownFileType = sourcecode.swift; path = AppDelegate.swift; sourceTree = "<group>"; };
		113274B91F4C09980003E029 /* ViewController.swift */ = {isa = PBXFileReference; lastKnownFileType = sourcecode.swift; path = ViewController.swift; sourceTree = "<group>"; };
		113274BC1F4C09980003E029 /* Base */ = {isa = PBXFileReference; lastKnownFileType = file.storyboard; name = Base; path = Base.lproj/Main.storyboard; sourceTree = "<group>"; };
		113274BE1F4C09980003E029 /* Assets.xcassets */ = {isa = PBXFileReference; lastKnownFileType = folder.assetcatalog; path = Assets.xcassets; sourceTree = "<group>"; };
		113274C11F4C09980003E029 /* Base */ = {isa = PBXFileReference; lastKnownFileType = file.storyboard; name = Base; path = Base.lproj/LaunchScreen.storyboard; sourceTree = "<group>"; };
		113274C31F4C09980003E029 /* Info.plist */ = {isa = PBXFileReference; lastKnownFileType = text.plist.xml; path = Info.plist; sourceTree = "<group>"; };
		113274C81F4C09980003E029 /* WesterosTests.xctest */ = {isa = PBXFileReference; explicitFileType = wrapper.cfbundle; includeInIndex = 0; path = WesterosTests.xctest; sourceTree = BUILT_PRODUCTS_DIR; };
		113274CC1F4C09980003E029 /* WesterosTests.swift */ = {isa = PBXFileReference; lastKnownFileType = sourcecode.swift; path = WesterosTests.swift; sourceTree = "<group>"; };
		113274CE1F4C09980003E029 /* Info.plist */ = {isa = PBXFileReference; lastKnownFileType = text.plist.xml; path = Info.plist; sourceTree = "<group>"; };
/* End PBXFileReference section */

/* Begin PBXFrameworksBuildPhase section */
		113274B11F4C09980003E029 /* Frameworks */ = {
			isa = PBXFrameworksBuildPhase;
			buildActionMask = 2147483647;
			files = (
			);
			runOnlyForDeploymentPostprocessing = 0;
		};
		113274C51F4C09980003E029 /* Frameworks */ = {
			isa = PBXFrameworksBuildPhase;
			buildActionMask = 2147483647;
			files = (
			);
			runOnlyForDeploymentPostprocessing = 0;
		};
/* End PBXFrameworksBuildPhase section */

/* Begin PBXGroup section */
		113274AB1F4C09980003E029 = {
			isa = PBXGroup;
			children = (
				113274B61F4C09980003E029 /* Westeros */,
				113274CB1F4C09980003E029 /* WesterosTests */,
				113274B51F4C09980003E029 /* Products */,
			);
			sourceTree = "<group>";
		};
		113274B51F4C09980003E029 /* Products */ = {
			isa = PBXGroup;
			children = (
				113274B41F4C09980003E029 /* Westeros.app */,
				113274C81F4C09980003E029 /* WesterosTests.xctest */,
			);
			name = Products;
			sourceTree = "<group>";
		};
		113274B61F4C09980003E029 /* Westeros */ = {
			isa = PBXGroup;
			children = (
				113274B71F4C09980003E029 /* AppDelegate.swift */,
				113274B91F4C09980003E029 /* ViewController.swift */,
				113274BB1F4C09980003E029 /* Main.storyboard */,
				113274BE1F4C09980003E029 /* Assets.xcassets */,
				113274C01F4C09980003E029 /* LaunchScreen.storyboard */,
				113274C31F4C09980003E029 /* Info.plist */,
			);
			path = Westeros;
			sourceTree = "<group>";
		};
		113274CB1F4C09980003E029 /* WesterosTests */ = {
			isa = PBXGroup;
			children = (
				113274CC1F4C09980003E029 /* WesterosTests.swift */,
				113274CE1F4C09980003E029 /* Info.plist */,
			);
			path = WesterosTests;
			sourceTree = "<group>";
		};
/* End PBXGroup section */

/* Begin PBXNativeTarget section */
		113274B31F4C09980003E029 /* Westeros */ = {
			isa = PBXNativeTarget;
			buildConfigurationList = 113274D11F4C09980003E029 /* Build configuration list for PBXNativeTarget "Westeros" */;
			buildPhases = (
				113274B01F4C09980003E029 /* Sources */,
				113274B11F4C09980003E029 /* Frameworks */,
				113274B21F4C09980003E029 /* Resources */,
			);
			buildRules = (
			);
			dependencies = (
			);
			name = Westeros;
			productName = Westeros;
			productReference = 113274B41F4C09980003E029 /* Westeros.app */;
			productType = "com.apple.product-type.application";
		};
		113274C71F4C09980003E029 /* WesterosTests */ = {
			isa = PBXNativeTarget;
			buildConfigurationList = 113274D41F4C09980003E029 /* Build configuration list for PBXNativeTarget "WesterosTests" */;
			buildPhases = (
				113274C41F4C09980003E029 /* Sources */,
				113274C51F4C09980003E029 /* Frameworks */,
				113274C61F4C09980003E029 /* Resources */,
			);
			buildRules = (
			);
			dependencies = (
				113274CA1F4C09980003E029 /* PBXTargetDependency */,
			);
			name = WesterosTests;
			productName = WesterosTests;
			productReference = 113274C81F4C09980003E029 /* WesterosTests.xctest */;
			productType = "com.apple.product-type.bundle.unit-test";
		};
/* End PBXNativeTarget section */

/* Begin PBXProject section */
		113274AC1F4C09980003E029 /* Project object */ = {
			isa = PBXProject;
			attributes = {
				LastSwiftUpdateCheck = 0830;
				LastUpgradeCheck = 0830;
				ORGANIZATIONNAME = "jose luis sanchez-porro godoy";
				TargetAttributes = {
					113274B31F4C09980003E029 = {
						CreatedOnToolsVersion = 8.3.3;
						DevelopmentTeam = 57XEBN6426;
						ProvisioningStyle = Automatic;
					};
					113274C71F4C09980003E029 = {
						CreatedOnToolsVersion = 8.3.3;
						DevelopmentTeam = 57XEBN6426;
						ProvisioningStyle = Automatic;
						TestTargetID = 113274B31F4C09980003E029;
					};
				};
			};
			buildConfigurationList = 113274AF1F4C09980003E029 /* Build configuration list for PBXProject "Westeros" */;
			compatibilityVersion = "Xcode 3.2";
			developmentRegion = English;
			hasScannedForEncodings = 0;
			knownRegions = (
				en,
				Base,
			);
			mainGroup = 113274AB1F4C09980003E029;
			productRefGroup = 113274B51F4C09980003E029 /* Products */;
			projectDirPath = "";
			projectRoot = "";
			targets = (
				113274B31F4C09980003E029 /* Westeros */,
				113274C71F4C09980003E029 /* WesterosTests */,
			);
		};
/* End PBXProject section */

/* Begin PBXResourcesBuildPhase section */
		113274B21F4C09980003E029 /* Resources */ = {
			isa = PBXResourcesBuildPhase;
			buildActionMask = 2147483647;
			files = (
				113274C21F4C09980003E029 /* LaunchScreen.storyboard in Resources */,
				113274BF1F4C09980003E029 /* Assets.xcassets in Resources */,
				113274BD1F4C09980003E029 /* Main.storyboard in Resources */,
			);
			runOnlyForDeploymentPostprocessing = 0;
		};
		113274C61F4C09980003E029 /* Resources */ = {
			isa = PBXResourcesBuildPhase;
			buildActionMask = 2147483647;
			files = (
			);
			runOnlyForDeploymentPostprocessing = 0;
		};
/* End PBXResourcesBuildPhase section */

/* Begin PBXSourcesBuildPhase section */
		113274B01F4C09980003E029 /* Sources */ = {
			isa = PBXSourcesBuildPhase;
			buildActionMask = 2147483647;
			files = (
				113274BA1F4C09980003E029 /* ViewController.swift in Sources */,
				113274B81F4C09980003E029 /* AppDelegate.swift in Sources */,
			);
			runOnlyForDeploymentPostprocessing = 0;
		};
		113274C41F4C09980003E029 /* Sources */ = {
			isa = PBXSourcesBuildPhase;
			buildActionMask = 2147483647;
			files = (
				113274CD1F4C09980003E029 /* WesterosTests.swift in Sources */,
			);
			runOnlyForDeploymentPostprocessing = 0;
		};
/* End PBXSourcesBuildPhase section */

/* Begin PBXTargetDependency section */
		113274CA1F4C09980003E029 /* PBXTargetDependency */ = {
			isa = PBXTargetDependency;
			target = 113274B31F4C09980003E029 /* Westeros */;
			targetProxy = 113274C91F4C09980003E029 /* PBXContainerItemProxy */;
		};
/* End PBXTargetDependency section */

/* Begin PBXVariantGroup section */
		113274BB1F4C09980003E029 /* Main.storyboard */ = {
			isa = PBXVariantGroup;
			children = (
				113274BC1F4C09980003E029 /* Base */,
			);
			name = Main.storyboard;
			sourceTree = "<group>";
		};
		113274C01F4C09980003E029 /* LaunchScreen.storyboard */ = {
			isa = PBXVariantGroup;
			children = (
				113274C11F4C09980003E029 /* Base */,
			);
			name = LaunchScreen.storyboard;
			sourceTree = "<group>";
		};
/* End PBXVariantGroup section */

/* Begin XCBuildConfiguration section */
		113274CF1F4C09980003E029 /* Debug */ = {
			isa = XCBuildConfiguration;
			buildSettings = {
				ALWAYS_SEARCH_USER_PATHS = NO;
				CLANG_ANALYZER_NONNULL = YES;
				CLANG_ANALYZER_NUMBER_OBJECT_CONVERSION = YES_AGGRESSIVE;
				CLANG_CXX_LANGUAGE_STANDARD = "gnu++0x";
				CLANG_CXX_LIBRARY = "libc++";
				CLANG_ENABLE_MODULES = YES;
				CLANG_ENABLE_OBJC_ARC = YES;
				CLANG_WARN_BOOL_CONVERSION = YES;
				CLANG_WARN_CONSTANT_CONVERSION = YES;
				CLANG_WARN_DIRECT_OBJC_ISA_USAGE = YES_ERROR;
				CLANG_WARN_DOCUMENTATION_COMMENTS = YES;
				CLANG_WARN_EMPTY_BODY = YES;
				CLANG_WARN_ENUM_CONVERSION = YES;
				CLANG_WARN_INFINITE_RECURSION = YES;
				CLANG_WARN_INT_CONVERSION = YES;
				CLANG_WARN_OBJC_ROOT_CLASS = YES_ERROR;
				CLANG_WARN_SUSPICIOUS_MOVE = YES;
				CLANG_WARN_UNREACHABLE_CODE = YES;
				CLANG_WARN__DUPLICATE_METHOD_MATCH = YES;
				"CODE_SIGN_IDENTITY[sdk=iphoneos*]" = "iPhone Developer";
				COPY_PHASE_STRIP = NO;
				DEBUG_INFORMATION_FORMAT = dwarf;
				ENABLE_STRICT_OBJC_MSGSEND = YES;
				ENABLE_TESTABILITY = YES;
				GCC_C_LANGUAGE_STANDARD = gnu99;
				GCC_DYNAMIC_NO_PIC = NO;
				GCC_NO_COMMON_BLOCKS = YES;
				GCC_OPTIMIZATION_LEVEL = 0;
				GCC_PREPROCESSOR_DEFINITIONS = (
					"DEBUG=1",
					"$(inherited)",
				);
				GCC_WARN_64_TO_32_BIT_CONVERSION = YES;
				GCC_WARN_ABOUT_RETURN_TYPE = YES_ERROR;
				GCC_WARN_UNDECLARED_SELECTOR = YES;
				GCC_WARN_UNINITIALIZED_AUTOS = YES_AGGRESSIVE;
				GCC_WARN_UNUSED_FUNCTION = YES;
				GCC_WARN_UNUSED_VARIABLE = YES;
				IPHONEOS_DEPLOYMENT_TARGET = 10.3;
				MTL_ENABLE_DEBUG_INFO = YES;
				ONLY_ACTIVE_ARCH = YES;
				SDKROOT = iphoneos;
				SWIFT_ACTIVE_COMPILATION_CONDITIONS = DEBUG;
				SWIFT_OPTIMIZATION_LEVEL = "-Onone";
				TARGETED_DEVICE_FAMILY = "1,2";
			};
			name = Debug;
		};
		113274D01F4C09980003E029 /* Release */ = {
			isa = XCBuildConfiguration;
			buildSettings = {
				ALWAYS_SEARCH_USER_PATHS = NO;
				CLANG_ANALYZER_NONNULL = YES;
				CLANG_ANALYZER_NUMBER_OBJECT_CONVERSION = YES_AGGRESSIVE;
				CLANG_CXX_LANGUAGE_STANDARD = "gnu++0x";
				CLANG_CXX_LIBRARY = "libc++";
				CLANG_ENABLE_MODULES = YES;
				CLANG_ENABLE_OBJC_ARC = YES;
				CLANG_WARN_BOOL_CONVERSION = YES;
				CLANG_WARN_CONSTANT_CONVERSION = YES;
				CLANG_WARN_DIRECT_OBJC_ISA_USAGE = YES_ERROR;
				CLANG_WARN_DOCUMENTATION_COMMENTS = YES;
				CLANG_WARN_EMPTY_BODY = YES;
				CLANG_WARN_ENUM_CONVERSION = YES;
				CLANG_WARN_INFINITE_RECURSION = YES;
				CLANG_WARN_INT_CONVERSION = YES;
				CLANG_WARN_OBJC_ROOT_CLASS = YES_ERROR;
				CLANG_WARN_SUSPICIOUS_MOVE = YES;
				CLANG_WARN_UNREACHABLE_CODE = YES;
				CLANG_WARN__DUPLICATE_METHOD_MATCH = YES;
				"CODE_SIGN_IDENTITY[sdk=iphoneos*]" = "iPhone Developer";
				COPY_PHASE_STRIP = NO;
				DEBUG_INFORMATION_FORMAT = "dwarf-with-dsym";
				ENABLE_NS_ASSERTIONS = NO;
				ENABLE_STRICT_OBJC_MSGSEND = YES;
				GCC_C_LANGUAGE_STANDARD = gnu99;
				GCC_NO_COMMON_BLOCKS = YES;
				GCC_WARN_64_TO_32_BIT_CONVERSION = YES;
				GCC_WARN_ABOUT_RETURN_TYPE = YES_ERROR;
				GCC_WARN_UNDECLARED_SELECTOR = YES;
				GCC_WARN_UNINITIALIZED_AUTOS = YES_AGGRESSIVE;
				GCC_WARN_UNUSED_FUNCTION = YES;
				GCC_WARN_UNUSED_VARIABLE = YES;
				IPHONEOS_DEPLOYMENT_TARGET = 10.3;
				MTL_ENABLE_DEBUG_INFO = NO;
				SDKROOT = iphoneos;
				SWIFT_OPTIMIZATION_LEVEL = "-Owholemodule";
				TARGETED_DEVICE_FAMILY = "1,2";
				VALIDATE_PRODUCT = YES;
			};
			name = Release;
		};
		113274D21F4C09980003E029 /* Debug */ = {
			isa = XCBuildConfiguration;
			buildSettings = {
				ASSETCATALOG_COMPILER_APPICON_NAME = AppIcon;
				DEVELOPMENT_TEAM = 57XEBN6426;
				INFOPLIST_FILE = Westeros/Info.plist;
				LD_RUNPATH_SEARCH_PATHS = "$(inherited) @executable_path/Frameworks";
				PRODUCT_BUNDLE_IDENTIFIER = com.apparte.Westeros;
				PRODUCT_NAME = "$(TARGET_NAME)";
				SWIFT_VERSION = 3.0;
			};
			name = Debug;
		};
		113274D31F4C09980003E029 /* Release */ = {
			isa = XCBuildConfiguration;
			buildSettings = {
				ASSETCATALOG_COMPILER_APPICON_NAME = AppIcon;
				DEVELOPMENT_TEAM = 57XEBN6426;
				INFOPLIST_FILE = Westeros/Info.plist;
				LD_RUNPATH_SEARCH_PATHS = "$(inherited) @executable_path/Frameworks";
				PRODUCT_BUNDLE_IDENTIFIER = com.apparte.Westeros;
				PRODUCT_NAME = "$(TARGET_NAME)";
				SWIFT_VERSION = 3.0;
			};
			name = Release;
		};
		113274D51F4C09980003E029 /* Debug */ = {
			isa = XCBuildConfiguration;
			buildSettings = {
				ALWAYS_EMBED_SWIFT_STANDARD_LIBRARIES = YES;
				BUNDLE_LOADER = "$(TEST_HOST)";
				DEVELOPMENT_TEAM = 57XEBN6426;
				INFOPLIST_FILE = WesterosTests/Info.plist;
				LD_RUNPATH_SEARCH_PATHS = "$(inherited) @executable_path/Frameworks @loader_path/Frameworks";
				PRODUCT_BUNDLE_IDENTIFIER = com.apparte.WesterosTests;
				PRODUCT_NAME = "$(TARGET_NAME)";
				SWIFT_VERSION = 3.0;
				TEST_HOST = "$(BUILT_PRODUCTS_DIR)/Westeros.app/Westeros";
			};
			name = Debug;
		};
		113274D61F4C09980003E029 /* Release */ = {
			isa = XCBuildConfiguration;
			buildSettings = {
				ALWAYS_EMBED_SWIFT_STANDARD_LIBRARIES = YES;
				BUNDLE_LOADER = "$(TEST_HOST)";
				DEVELOPMENT_TEAM = 57XEBN6426;
				INFOPLIST_FILE = WesterosTests/Info.plist;
				LD_RUNPATH_SEARCH_PATHS = "$(inherited) @executable_path/Frameworks @loader_path/Frameworks";
				PRODUCT_BUNDLE_IDENTIFIER = com.apparte.WesterosTests;
				PRODUCT_NAME = "$(TARGET_NAME)";
				SWIFT_VERSION = 3.0;
				TEST_HOST = "$(BUILT_PRODUCTS_DIR)/Westeros.app/Westeros";
			};
			name = Release;
		};
/* End XCBuildConfiguration section */

/* Begin XCConfigurationList section */
		113274AF1F4C09980003E029 /* Build configuration list for PBXProject "Westeros" */ = {
			isa = XCConfigurationList;
			buildConfigurations = (
				113274CF1F4C09980003E029 /* Debug */,
				113274D01F4C09980003E029 /* Release */,
			);
			defaultConfigurationIsVisible = 0;
			defaultConfigurationName = Release;
		};
		113274D11F4C09980003E029 /* Build configuration list for PBXNativeTarget "Westeros" */ = {
			isa = XCConfigurationList;
			buildConfigurations = (
				113274D21F4C09980003E029 /* Debug */,
				113274D31F4C09980003E029 /* Release */,
			);
			defaultConfigurationIsVisible = 0;
		};
		113274D41F4C09980003E029 /* Build configuration list for PBXNativeTarget "WesterosTests" */ = {
			isa = XCConfigurationList;
			buildConfigurations = (
				113274D51F4C09980003E029 /* Debug */,
				113274D61F4C09980003E029 /* Release */,
			);
			defaultConfigurationIsVisible = 0;
		};
/* End XCConfigurationList section */
	};
	rootObject = 113274AC1F4C09980003E029 /* Project object */;
}
